{
  "requires": true,
  "lockfileVersion": 1,
  "dependencies": {
    "@types/unist": {
      "version": "2.0.3",
      "resolved": "https://registry.npmjs.org/@types/unist/-/unist-2.0.3.tgz",
      "integrity": "sha512-FvUupuM3rlRsRtCN+fDudtmytGO6iHJuuRKS1Ss0pG5z8oX0diNEw94UEL7hgDbpN94rgaK5R7sWm6RrSkZuAQ=="
    },
    "mdast-comment-marker": {
      "version": "1.1.2",
      "resolved": "https://registry.npmjs.org/mdast-comment-marker/-/mdast-comment-marker-1.1.2.tgz",
      "integrity": "sha512-vTFXtmbbF3rgnTh3Zl3irso4LtvwUq/jaDvT2D1JqTGAwaipcS7RpTxzi6KjoRqI9n2yuAhzLDAC8xVTF3XYVQ=="
    },
    "remark-lint": {
      "version": "8.0.0",
      "resolved": "https://registry.npmjs.org/remark-lint/-/remark-lint-8.0.0.tgz",
      "integrity": "sha512-ESI8qJQ/TIRjABDnqoFsTiZntu+FRifZ5fJ77yX63eIDijl/arvmDvT+tAf75/Nm5BFL4R2JFUtkHRGVjzYUsg==",
      "requires": {
        "remark-message-control": "^6.0.0"
      }
    },
    "remark-message-control": {
      "version": "6.0.0",
      "resolved": "https://registry.npmjs.org/remark-message-control/-/remark-message-control-6.0.0.tgz",
      "integrity": "sha512-k9bt7BYc3G7YBdmeAhvd3VavrPa/XlKWR3CyHjr4sLO9xJyly8WHHT3Sp+8HPR8lEUv+/sZaffL7IjMLV0f6BA==",
      "requires": {
        "mdast-comment-marker": "^1.0.0",
        "unified-message-control": "^3.0.0"
      }
    },
    "unified-message-control": {
      "version": "3.0.2",
      "resolved": "https://registry.npmjs.org/unified-message-control/-/unified-message-control-3.0.2.tgz",
      "integrity": "sha512-lhF8fKjDo2cIPx1re5X1QinqUonl+AN6F0XfEaab8w/hjqX7FZAhzu4P8g6pmYp09ld+HSWFwdRJj+Y8xD0q7Q==",
      "requires": {
        "unist-util-visit": "^2.0.0",
        "vfile-location": "^3.0.0"
      }
    },
    "unist-util-is": {
      "version": "4.0.4",
      "resolved": "https://registry.npmjs.org/unist-util-is/-/unist-util-is-4.0.4.tgz",
      "integrity": "sha512-3dF39j/u423v4BBQrk1AQ2Ve1FxY5W3JKwXxVFzBODQ6WEvccguhgp802qQLKSnxPODE6WuRZtV+ohlUg4meBA=="
    },
    "unist-util-visit": {
      "version": "2.0.3",
      "resolved": "https://registry.npmjs.org/unist-util-visit/-/unist-util-visit-2.0.3.tgz",
      "integrity": "sha512-iJ4/RczbJMkD0712mGktuGpm/U4By4FfDonL7N/9tATGIF4imikjOuagyMY53tnZq3NP6BcmlrHhEKAfGWjh7Q==",
      "requires": {
        "@types/unist": "^2.0.0",
        "unist-util-is": "^4.0.0",
        "unist-util-visit-parents": "^3.0.0"
      }
    },
    "unist-util-visit-parents": {
      "version": "3.1.1",
      "resolved": "https://registry.npmjs.org/unist-util-visit-parents/-/unist-util-visit-parents-3.1.1.tgz",
      "integrity": "sha512-1KROIZWo6bcMrZEwiH2UrXDyalAa0uqzWCxCJj6lPOvTve2WkfgCytoDTPaMnodXh1WrXOq0haVYHj99ynJlsg==",
      "requires": {
        "@types/unist": "^2.0.0",
        "unist-util-is": "^4.0.0"
      }
    },
    "vfile-location": {
      "version": "3.2.0",
      "resolved": "https://registry.npmjs.org/vfile-location/-/vfile-location-3.2.0.tgz",
      "integrity": "sha512-aLEIZKv/oxuCDZ8lkJGhuhztf/BW4M+iHdCwglA/eWc+vtuRFJj8EtgceYFX4LRjOhCAAiNHsKGssC6onJ+jbA=="
    }
  }
}
